{
  "name": "qa-platform",
  "lockfileVersion": 3,
  "requires": true,
  "packages": {
    "": {
      "dependencies": {
        "@bufbuild/protobuf": "^2.10.2",
        "@connectrpc/connect": "^2.1.1",
        "@connectrpc/connect-web": "^2.1.1"
      }
    },
    "node_modules/@bufbuild/protobuf": {
      "version": "2.10.2",
      "resolved": "https://registry.npmjs.org/@bufbuild/protobuf/-/protobuf-2.10.2.tgz",
      "integrity": "sha512-uFsRXwIGyu+r6AMdz+XijIIZJYpoWeYzILt5yZ2d3mCjQrWUTVpVD9WL/jZAbvp+Ed04rOhrsk7FiTcEDseB5A==",
      "license": "(Apache-2.0 AND BSD-3-Clause)"
    },
    "node_modules/@connectrpc/connect": {
      "version": "2.1.1",
      "resolved": "https://registry.npmjs.org/@connectrpc/connect/-/connect-2.1.1.tgz",
      "integrity": "sha512-JzhkaTvM73m2K1URT6tv53k2RwngSmCXLZJgK580qNQOXRzZRR/BCMfZw3h+90JpnG6XksP5bYT+cz0rpUzUWQ==",
      "license": "Apache-2.0",
      "peerDependencies": {
        "@bufbuild/protobuf": "^2.7.0"
      }
    },
    "node_modules/@connectrpc/connect-web": {
      "version": "2.1.1",
      "resolved": "https://registry.npmjs.org/@connectrpc/connect-web/-/connect-web-2.1.1.tgz",
      "integrity": "sha512-J8317Q2MaFRCT1jzVR1o06bZhDIBmU0UAzWx6xOIXzOq8+k71/+k7MUF7AwcBUX+34WIvbm5syRgC5HXQA8fOg==",
      "license": "Apache-2.0",
      "peerDependencies": {
        "@bufbuild/protobuf": "^2.7.0",
        "@connectrpc/connect": "2.1.1"
      }
    }
  }
}
